// !$*UTF8*$!
{
	archiveVersion = 1;
	classes = {
	};
	objectVersion = 50;
	objects = {

/* Begin PBXBuildFile section */
		078E8A60262471B30075FF0E /* AppDelegate.swift in Sources */ = {isa = PBXBuildFile; fileRef = 078E8A5F262471B30075FF0E /* AppDelegate.swift */; };
		078E8A62262471B30075FF0E /* SceneDelegate.swift in Sources */ = {isa = PBXBuildFile; fileRef = 078E8A61262471B30075FF0E /* SceneDelegate.swift */; };
		078E8A64262471B30075FF0E /* ViewController.swift in Sources */ = {isa = PBXBuildFile; fileRef = 078E8A63262471B30075FF0E /* ViewController.swift */; };
		078E8A67262471B30075FF0E /* Main.storyboard in Resources */ = {isa = PBXBuildFile; fileRef = 078E8A65262471B30075FF0E /* Main.storyboard */; };
		078E8A69262471B40075FF0E /* Assets.xcassets in Resources */ = {isa = PBXBuildFile; fileRef = 078E8A68262471B40075FF0E /* Assets.xcassets */; };
		078E8A6C262471B40075FF0E /* LaunchScreen.storyboard in Resources */ = {isa = PBXBuildFile; fileRef = 078E8A6A262471B40075FF0E /* LaunchScreen.storyboard */; };
		078E8A7A2625FA2D0075FF0E /* virusImage.jpg in Resources */ = {isa = PBXBuildFile; fileRef = 078E8A782625FA2D0075FF0E /* virusImage.jpg */; };
		078E8A7B2625FA2D0075FF0E /* background.jpg in Resources */ = {isa = PBXBuildFile; fileRef = 078E8A792625FA2D0075FF0E /* background.jpg */; };
		078E8A7E2626AC600075FF0E /* background2.jpg in Resources */ = {isa = PBXBuildFile; fileRef = 078E8A7D2626AC600075FF0E /* background2.jpg */; };
		078E8A812626E97A0075FF0E /* ResultsViewController.swift in Sources */ = {isa = PBXBuildFile; fileRef = 078E8A802626E97A0075FF0E /* ResultsViewController.swift */; };
		07DD67F3262DBDBF008FFAC9 /* StringHandler.swift in Sources */ = {isa = PBXBuildFile; fileRef = 07DD67F2262DBDBF008FFAC9 /* StringHandler.swift */; };
		07DD67F6262DDC40008FFAC9 /* NetworkHandler.swift in Sources */ = {isa = PBXBuildFile; fileRef = 07DD67F5262DDC40008FFAC9 /* NetworkHandler.swift */; };
		07DD67F9262DE53F008FFAC9 /* ResultsModel.swift in Sources */ = {isa = PBXBuildFile; fileRef = 07DD67F8262DE53F008FFAC9 /* ResultsModel.swift */; };
/* End PBXBuildFile section */

/* Begin PBXFileReference section */
		078E8A5C262471B30075FF0E /* CovidWorldData.app */ = {isa = PBXFileReference; explicitFileType = wrapper.application; includeInIndex = 0; path = CovidWorldData.app; sourceTree = BUILT_PRODUCTS_DIR; };
		078E8A5F262471B30075FF0E /* AppDelegate.swift */ = {isa = PBXFileReference; lastKnownFileType = sourcecode.swift; path = AppDelegate.swift; sourceTree = "<group>"; };
		078E8A61262471B30075FF0E /* SceneDelegate.swift */ = {isa = PBXFileReference; lastKnownFileType = sourcecode.swift; path = SceneDelegate.swift; sourceTree = "<group>"; };
		078E8A63262471B30075FF0E /* ViewController.swift */ = {isa = PBXFileReference; lastKnownFileType = sourcecode.swift; path = ViewController.swift; sourceTree = "<group>"; };
		078E8A66262471B30075FF0E /* Base */ = {isa = PBXFileReference; lastKnownFileType = file.storyboard; name = Base; path = Base.lproj/Main.storyboard; sourceTree = "<group>"; };
		078E8A68262471B40075FF0E /* Assets.xcassets */ = {isa = PBXFileReference; lastKnownFileType = folder.assetcatalog; path = Assets.xcassets; sourceTree = "<group>"; };
		078E8A6B262471B40075FF0E /* Base */ = {isa = PBXFileReference; lastKnownFileType = file.storyboard; name = Base; path = Base.lproj/LaunchScreen.storyboard; sourceTree = "<group>"; };
		078E8A6D262471B40075FF0E /* Info.plist */ = {isa = PBXFileReference; lastKnownFileType = text.plist.xml; path = Info.plist; sourceTree = "<group>"; };
		078E8A782625FA2D0075FF0E /* virusImage.jpg */ = {isa = PBXFileReference; lastKnownFileType = image.jpeg; path = virusImage.jpg; sourceTree = SOURCE_ROOT; };
		078E8A792625FA2D0075FF0E /* background.jpg */ = {isa = PBXFileReference; lastKnownFileType = image.jpeg; path = background.jpg; sourceTree = SOURCE_ROOT; };
		078E8A7D2626AC600075FF0E /* background2.jpg */ = {isa = PBXFileReference; lastKnownFileType = image.jpeg; path = background2.jpg; sourceTree = SOURCE_ROOT; };
		078E8A802626E97A0075FF0E /* ResultsViewController.swift */ = {isa = PBXFileReference; lastKnownFileType = sourcecode.swift; path = ResultsViewController.swift; sourceTree = "<group>"; };
		07DD67F2262DBDBF008FFAC9 /* StringHandler.swift */ = {isa = PBXFileReference; lastKnownFileType = sourcecode.swift; path = StringHandler.swift; sourceTree = "<group>"; };
		07DD67F5262DDC40008FFAC9 /* NetworkHandler.swift */ = {isa = PBXFileReference; lastKnownFileType = sourcecode.swift; path = NetworkHandler.swift; sourceTree = "<group>"; };
		07DD67F8262DE53F008FFAC9 /* ResultsModel.swift */ = {isa = PBXFileReference; lastKnownFileType = sourcecode.swift; path = ResultsModel.swift; sourceTree = "<group>"; };
/* End PBXFileReference section */

/* Begin PBXFrameworksBuildPhase section */
		078E8A59262471B30075FF0E /* Frameworks */ = {
			isa = PBXFrameworksBuildPhase;
			buildActionMask = 2147483647;
			files = (
			);
			runOnlyForDeploymentPostprocessing = 0;
		};
/* End PBXFrameworksBuildPhase section */

/* Begin PBXGroup section */
		078E8A53262471B30075FF0E = {
			isa = PBXGroup;
			children = (
				078E8A5E262471B30075FF0E /* CovidWorldData */,
				078E8A5D262471B30075FF0E /* Products */,
			);
			sourceTree = "<group>";
		};
		078E8A5D262471B30075FF0E /* Products */ = {
			isa = PBXGroup;
			children = (
				078E8A5C262471B30075FF0E /* CovidWorldData.app */,
			);
			name = Products;
			sourceTree = "<group>";
		};
		078E8A5E262471B30075FF0E /* CovidWorldData */ = {
			isa = PBXGroup;
			children = (
				078E8A5F262471B30075FF0E /* AppDelegate.swift */,
				078E8A61262471B30075FF0E /* SceneDelegate.swift */,
				078E8A63262471B30075FF0E /* ViewController.swift */,
				07DD67F2262DBDBF008FFAC9 /* StringHandler.swift */,
				07DD67F5262DDC40008FFAC9 /* NetworkHandler.swift */,
				078E8A802626E97A0075FF0E /* ResultsViewController.swift */,
				07DD67F8262DE53F008FFAC9 /* ResultsModel.swift */,
				078E8A65262471B30075FF0E /* Main.storyboard */,
				078E8A7D2626AC600075FF0E /* background2.jpg */,
				078E8A792625FA2D0075FF0E /* background.jpg */,
				078E8A782625FA2D0075FF0E /* virusImage.jpg */,
				078E8A68262471B40075FF0E /* Assets.xcassets */,
				078E8A6A262471B40075FF0E /* LaunchScreen.storyboard */,
				078E8A6D262471B40075FF0E /* Info.plist */,
			);
			path = CovidWorldData;
			sourceTree = "<group>";
		};
/* End PBXGroup section */

/* Begin PBXNativeTarget section */
		078E8A5B262471B30075FF0E /* CovidWorldData */ = {
			isa = PBXNativeTarget;
			buildConfigurationList = 078E8A70262471B40075FF0E /* Build configuration list for PBXNativeTarget "CovidWorldData" */;
			buildPhases = (
				078E8A58262471B30075FF0E /* Sources */,
				078E8A59262471B30075FF0E /* Frameworks */,
				078E8A5A262471B30075FF0E /* Resources */,
			);
			buildRules = (
			);
			dependencies = (
			);
			name = CovidWorldData;
			productName = CovidWorldData;
			productReference = 078E8A5C262471B30075FF0E /* CovidWorldData.app */;
			productType = "com.apple.product-type.application";
		};
/* End PBXNativeTarget section */

/* Begin PBXProject section */
		078E8A54262471B30075FF0E /* Project object */ = {
			isa = PBXProject;
			attributes = {
				LastSwiftUpdateCheck = 1240;
				LastUpgradeCheck = 1240;
				TargetAttributes = {
					078E8A5B262471B30075FF0E = {
						CreatedOnToolsVersion = 12.4;
					};
				};
			};
			buildConfigurationList = 078E8A57262471B30075FF0E /* Build configuration list for PBXProject "CovidWorldData" */;
			compatibilityVersion = "Xcode 9.3";
			developmentRegion = en;
			hasScannedForEncodings = 0;
			knownRegions = (
				en,
				Base,
			);
			mainGroup = 078E8A53262471B30075FF0E;
			productRefGroup = 078E8A5D262471B30075FF0E /* Products */;
			projectDirPath = "";
			projectRoot = "";
			targets = (
				078E8A5B262471B30075FF0E /* CovidWorldData */,
			);
		};
/* End PBXProject section */

/* Begin PBXResourcesBuildPhase section */
		078E8A5A262471B30075FF0E /* Resources */ = {
			isa = PBXResourcesBuildPhase;
			buildActionMask = 2147483647;
			files = (
				078E8A6C262471B40075FF0E /* LaunchScreen.storyboard in Resources */,
				078E8A7B2625FA2D0075FF0E /* background.jpg in Resources */,
				078E8A7A2625FA2D0075FF0E /* virusImage.jpg in Resources */,
				078E8A69262471B40075FF0E /* Assets.xcassets in Resources */,
				078E8A7E2626AC600075FF0E /* background2.jpg in Resources */,
				078E8A67262471B30075FF0E /* Main.storyboard in Resources */,
			);
			runOnlyForDeploymentPostprocessing = 0;
		};
/* End PBXResourcesBuildPhase section */

/* Begin PBXSourcesBuildPhase section */
		078E8A58262471B30075FF0E /* Sources */ = {
			isa = PBXSourcesBuildPhase;
			buildActionMask = 2147483647;
			files = (
				07DD67F3262DBDBF008FFAC9 /* StringHandler.swift in Sources */,
				078E8A64262471B30075FF0E /* ViewController.swift in Sources */,
				078E8A60262471B30075FF0E /* AppDelegate.swift in Sources */,
				078E8A62262471B30075FF0E /* SceneDelegate.swift in Sources */,
				078E8A812626E97A0075FF0E /* ResultsViewController.swift in Sources */,
				07DD67F9262DE53F008FFAC9 /* ResultsModel.swift in Sources */,
				07DD67F6262DDC40008FFAC9 /* NetworkHandler.swift in Sources */,
			);
			runOnlyForDeploymentPostprocessing = 0;
		};
/* End PBXSourcesBuildPhase section */

/* Begin PBXVariantGroup section */
		078E8A65262471B30075FF0E /* Main.storyboard */ = {
			isa = PBXVariantGroup;
			children = (
				078E8A66262471B30075FF0E /* Base */,
			);
			name = Main.storyboard;
			sourceTree = "<group>";
		};
		078E8A6A262471B40075FF0E /* LaunchScreen.storyboard */ = {
			isa = PBXVariantGroup;
			children = (
				078E8A6B262471B40075FF0E /* Base */,
			);
			name = LaunchScreen.storyboard;
			sourceTree = "<group>";
		};
/* End PBXVariantGroup section */

/* Begin XCBuildConfiguration section */
		078E8A6E262471B40075FF0E /* Debug */ = {
			isa = XCBuildConfiguration;
			buildSettings = {
				ALWAYS_SEARCH_USER_PATHS = NO;
				CLANG_ANALYZER_NONNULL = YES;
				CLANG_ANALYZER_NUMBER_OBJECT_CONVERSION = YES_AGGRESSIVE;
				CLANG_CXX_LANGUAGE_STANDARD = "gnu++14";
				CLANG_CXX_LIBRARY = "libc++";
				CLANG_ENABLE_MODULES = YES;
				CLANG_ENABLE_OBJC_ARC = YES;
				CLANG_ENABLE_OBJC_WEAK = YES;
				CLANG_WARN_BLOCK_CAPTURE_AUTORELEASING = YES;
				CLANG_WARN_BOOL_CONVERSION = YES;
				CLANG_WARN_COMMA = YES;
				CLANG_WARN_CONSTANT_CONVERSION = YES;
				CLANG_WARN_DEPRECATED_OBJC_IMPLEMENTATIONS = YES;
				CLANG_WARN_DIRECT_OBJC_ISA_USAGE = YES_ERROR;
				CLANG_WARN_DOCUMENTATION_COMMENTS = YES;
				CLANG_WARN_EMPTY_BODY = YES;
				CLANG_WARN_ENUM_CONVERSION = YES;
				CLANG_WARN_INFINITE_RECURSION = YES;
				CLANG_WARN_INT_CONVERSION = YES;
				CLANG_WARN_NON_LITERAL_NULL_CONVERSION = YES;
				CLANG_WARN_OBJC_IMPLICIT_RETAIN_SELF = YES;
				CLANG_WARN_OBJC_LITERAL_CONVERSION = YES;
				CLANG_WARN_OBJC_ROOT_CLASS = YES_ERROR;
				CLANG_WARN_QUOTED_INCLUDE_IN_FRAMEWORK_HEADER = YES;
				CLANG_WARN_RANGE_LOOP_ANALYSIS = YES;
				CLANG_WARN_STRICT_PROTOTYPES = YES;
				CLANG_WARN_SUSPICIOUS_MOVE = YES;
				CLANG_WARN_UNGUARDED_AVAILABILITY = YES_AGGRESSIVE;
				CLANG_WARN_UNREACHABLE_CODE = YES;
				CLANG_WARN__DUPLICATE_METHOD_MATCH = YES;
				COPY_PHASE_STRIP = NO;
				DEBUG_INFORMATION_FORMAT = dwarf;
				ENABLE_STRICT_OBJC_MSGSEND = YES;
				ENABLE_TESTABILITY = YES;
				GCC_C_LANGUAGE_STANDARD = gnu11;
				GCC_DYNAMIC_NO_PIC = NO;
				GCC_NO_COMMON_BLOCKS = YES;
				GCC_OPTIMIZATION_LEVEL = 0;
				GCC_PREPROCESSOR_DEFINITIONS = (
					"DEBUG=1",
					"$(inherited)",
				);
				GCC_WARN_64_TO_32_BIT_CONVERSION = YES;
				GCC_WARN_ABOUT_RETURN_TYPE = YES_ERROR;
				GCC_WARN_UNDECLARED_SELECTOR = YES;
				GCC_WARN_UNINITIALIZED_AUTOS = YES_AGGRESSIVE;
				GCC_WARN_UNUSED_FUNCTION = YES;
				GCC_WARN_UNUSED_VARIABLE = YES;
				IPHONEOS_DEPLOYMENT_TARGET = 14.4;
				MTL_ENABLE_DEBUG_INFO = INCLUDE_SOURCE;
				MTL_FAST_MATH = YES;
				ONLY_ACTIVE_ARCH = YES;
				SDKROOT = iphoneos;
				SWIFT_ACTIVE_COMPILATION_CONDITIONS = DEBUG;
				SWIFT_OPTIMIZATION_LEVEL = "-Onone";
			};
			name = Debug;
		};
		078E8A6F262471B40075FF0E /* Release */ = {
			isa = XCBuildConfiguration;
			buildSettings = {
				ALWAYS_SEARCH_USER_PATHS = NO;
				CLANG_ANALYZER_NONNULL = YES;
				CLANG_ANALYZER_NUMBER_OBJECT_CONVERSION = YES_AGGRESSIVE;
				CLANG_CXX_LANGUAGE_STANDARD = "gnu++14";
				CLANG_CXX_LIBRARY = "libc++";
				CLANG_ENABLE_MODULES = YES;
				CLANG_ENABLE_OBJC_ARC = YES;
				CLANG_ENABLE_OBJC_WEAK = YES;
				CLANG_WARN_BLOCK_CAPTURE_AUTORELEASING = YES;
				CLANG_WARN_BOOL_CONVERSION = YES;
				CLANG_WARN_COMMA = YES;
				CLANG_WARN_CONSTANT_CONVERSION = YES;
				CLANG_WARN_DEPRECATED_OBJC_IMPLEMENTATIONS = YES;
				CLANG_WARN_DIRECT_OBJC_ISA_USAGE = YES_ERROR;
				CLANG_WARN_DOCUMENTATION_COMMENTS = YES;
				CLANG_WARN_EMPTY_BODY = YES;
				CLANG_WARN_ENUM_CONVERSION = YES;
				CLANG_WARN_INFINITE_RECURSION = YES;
				CLANG_WARN_INT_CONVERSION = YES;
				CLANG_WARN_NON_LITERAL_NULL_CONVERSION = YES;
				CLANG_WARN_OBJC_IMPLICIT_RETAIN_SELF = YES;
				CLANG_WARN_OBJC_LITERAL_CONVERSION = YES;
				CLANG_WARN_OBJC_ROOT_CLASS = YES_ERROR;
				CLANG_WARN_QUOTED_INCLUDE_IN_FRAMEWORK_HEADER = YES;
				CLANG_WARN_RANGE_LOOP_ANALYSIS = YES;
				CLANG_WARN_STRICT_PROTOTYPES = YES;
				CLANG_WARN_SUSPICIOUS_MOVE = YES;
				CLANG_WARN_UNGUARDED_AVAILABILITY = YES_AGGRESSIVE;
				CLANG_WARN_UNREACHABLE_CODE = YES;
				CLANG_WARN__DUPLICATE_METHOD_MATCH = YES;
				COPY_PHASE_STRIP = NO;
				DEBUG_INFORMATION_FORMAT = "dwarf-with-dsym";
				ENABLE_NS_ASSERTIONS = NO;
				ENABLE_STRICT_OBJC_MSGSEND = YES;
				GCC_C_LANGUAGE_STANDARD = gnu11;
				GCC_NO_COMMON_BLOCKS = YES;
				GCC_WARN_64_TO_32_BIT_CONVERSION = YES;
				GCC_WARN_ABOUT_RETURN_TYPE = YES_ERROR;
				GCC_WARN_UNDECLARED_SELECTOR = YES;
				GCC_WARN_UNINITIALIZED_AUTOS = YES_AGGRESSIVE;
				GCC_WARN_UNUSED_FUNCTION = YES;
				GCC_WARN_UNUSED_VARIABLE = YES;
				IPHONEOS_DEPLOYMENT_TARGET = 14.4;
				MTL_ENABLE_DEBUG_INFO = NO;
				MTL_FAST_MATH = YES;
				SDKROOT = iphoneos;
				SWIFT_COMPILATION_MODE = wholemodule;
				SWIFT_OPTIMIZATION_LEVEL = "-O";
				VALIDATE_PRODUCT = YES;
			};
			name = Release;
		};
		078E8A71262471B40075FF0E /* Debug */ = {
			isa = XCBuildConfiguration;
			buildSettings = {
				ASSETCATALOG_COMPILER_APPICON_NAME = AppIcon;
				ASSETCATALOG_COMPILER_GLOBAL_ACCENT_COLOR_NAME = AccentColor;
				CODE_SIGN_STYLE = Automatic;
				DEVELOPMENT_TEAM = 66YTXAJDAT;
				INFOPLIST_FILE = CovidWorldData/Info.plist;
				LD_RUNPATH_SEARCH_PATHS = (
					"$(inherited)",
					"@executable_path/Frameworks",
				);
				PRODUCT_BUNDLE_IDENTIFIER = AlmostWorking.CovidWorldData;
				PRODUCT_NAME = "$(TARGET_NAME)";
				SWIFT_VERSION = 5.0;
				TARGETED_DEVICE_FAMILY = "1,2";
			};
			name = Debug;
		};
		078E8A72262471B40075FF0E /* Release */ = {
			isa = XCBuildConfiguration;
			buildSettings = {
				ASSETCATALOG_COMPILER_APPICON_NAME = AppIcon;
				ASSETCATALOG_COMPILER_GLOBAL_ACCENT_COLOR_NAME = AccentColor;
				CODE_SIGN_STYLE = Automatic;
				DEVELOPMENT_TEAM = 66YTXAJDAT;
				INFOPLIST_FILE = CovidWorldData/Info.plist;
				LD_RUNPATH_SEARCH_PATHS = (
					"$(inherited)",
					"@executable_path/Frameworks",
				);
				PRODUCT_BUNDLE_IDENTIFIER = AlmostWorking.CovidWorldData;
				PRODUCT_NAME = "$(TARGET_NAME)";
				SWIFT_VERSION = 5.0;
				TARGETED_DEVICE_FAMILY = "1,2";
			};
			name = Release;
		};
/* End XCBuildConfiguration section */

/* Begin XCConfigurationList section */
		078E8A57262471B30075FF0E /* Build configuration list for PBXProject "CovidWorldData" */ = {
			isa = XCConfigurationList;
			buildConfigurations = (
				078E8A6E262471B40075FF0E /* Debug */,
				078E8A6F262471B40075FF0E /* Release */,
			);
			defaultConfigurationIsVisible = 0;
			defaultConfigurationName = Release;
		};
		078E8A70262471B40075FF0E /* Build configuration list for PBXNativeTarget "CovidWorldData" */ = {
			isa = XCConfigurationList;
			buildConfigurations = (
				078E8A71262471B40075FF0E /* Debug */,
				078E8A72262471B40075FF0E /* Release */,
			);
			defaultConfigurationIsVisible = 0;
			defaultConfigurationName = Release;
		};
/* End XCConfigurationList section */
	};
	rootObject = 078E8A54262471B30075FF0E /* Project object */;
}
